
Microsoft Visual Studio Solution File, Format Version 12.00
# Visual Studio Version 16
VisualStudioVersion = 16.0.32106.194
MinimumVisualStudioVersion = 10.0.40219.1
Project("{FAE04EC0-301F-11D3-BF4B-00C04F79EFBC}") = "Real Life Simulator", "Real Life Simulator\Real Life Simulator.csproj", "{7F23AF77-EDF1-41AA-8FF6-140793013523}"
EndProject
Global
	GlobalSection(SolutionConfigurationPlatforms) = preSolution
		Debug|Any CPU = Debug|Any CPU
		Release|Any CPU = Release|Any CPU
	EndGlobalSection
	GlobalSection(ProjectConfigurationPlatforms) = postSolution
		{7F23AF77-EDF1-41AA-8FF6-140793013523}.Debug|Any CPU.ActiveCfg = Debug|Any CPU
		{7F23AF77-EDF1-41AA-8FF6-140793013523}.Debug|Any CPU.Build.0 = Debug|Any CPU
		{7F23AF77-EDF1-41AA-8FF6-140793013523}.Release|Any CPU.ActiveCfg = Release|Any CPU
		{7F23AF77-EDF1-41AA-8FF6-140793013523}.Release|Any CPU.Build.0 = Release|Any CPU
	EndGlobalSection
	GlobalSection(SolutionProperties) = preSolution
		HideSolutionNode = FALSE
	EndGlobalSection
	GlobalSection(ExtensibilityGlobals) = postSolution
		SolutionGuid = {69A98CE9-4DBA-4D4D-8DF4-58115CEDFA1F}
	EndGlobalSection
EndGlobal
